
Microsoft Visual Studio Solution File, Format Version 12.00
# Visual Studio 15
VisualStudioVersion = 15.0.28010.2026
MinimumVisualStudioVersion = 10.0.40219.1
Project("{FAE04EC0-301F-11D3-BF4B-00C04F79EFBC}") = "Aproksim", "Source\Aproksim\Aproksim.csproj", "{023E06F6-5F41-4447-A7CC-1B2FAB011521}"
EndProject
Project("{FAE04EC0-301F-11D3-BF4B-00C04F79EFBC}") = "Lab", "Source\Lab\Lab.csproj", "{17701534-C09C-40C0-A99F-153AB1E3E633}"
EndProject
Global
	GlobalSection(SolutionConfigurationPlatforms) = preSolution
		Debug|Any CPU = Debug|Any CPU
		Release|Any CPU = Release|Any CPU
	EndGlobalSection
	GlobalSection(ProjectConfigurationPlatforms) = postSolution
		{023E06F6-5F41-4447-A7CC-1B2FAB011521}.Debug|Any CPU.ActiveCfg = Debug|Any CPU
		{023E06F6-5F41-4447-A7CC-1B2FAB011521}.Debug|Any CPU.Build.0 = Debug|Any CPU
		{023E06F6-5F41-4447-A7CC-1B2FAB011521}.Release|Any CPU.ActiveCfg = Release|Any CPU
		{023E06F6-5F41-4447-A7CC-1B2FAB011521}.Release|Any CPU.Build.0 = Release|Any CPU
		{17701534-C09C-40C0-A99F-153AB1E3E633}.Debug|Any CPU.ActiveCfg = Debug|Any CPU
		{17701534-C09C-40C0-A99F-153AB1E3E633}.Debug|Any CPU.Build.0 = Debug|Any CPU
		{17701534-C09C-40C0-A99F-153AB1E3E633}.Release|Any CPU.ActiveCfg = Release|Any CPU
		{17701534-C09C-40C0-A99F-153AB1E3E633}.Release|Any CPU.Build.0 = Release|Any CPU
	EndGlobalSection
	GlobalSection(SolutionProperties) = preSolution
		HideSolutionNode = FALSE
	EndGlobalSection
	GlobalSection(ExtensibilityGlobals) = postSolution
		SolutionGuid = {00451EF6-832A-489D-B4C1-5D61A8D293A3}
	EndGlobalSection
EndGlobal
